
Microsoft Visual Studio Solution File, Format Version 12.00
# Visual Studio 15
Project("{FAE04EC0-301F-11D3-BF4B-00C04F79EFBC}") = "UnityEngine.UI", "UnityEngine.UI.csproj", "{B64A1BB1-F907-46FC-2956-F031A7EFEFC4}"
EndProject
Project("{FAE04EC0-301F-11D3-BF4B-00C04F79EFBC}") = "Assembly-CSharp", "Assembly-CSharp.csproj", "{5F8008E3-DF5B-EA12-B20F-606F7B0C41E6}"
EndProject
Project("{FAE04EC0-301F-11D3-BF4B-00C04F79EFBC}") = "Unity.2D.Tilemap.Editor", "Unity.2D.Tilemap.Editor.csproj", "{4D20548F-BC91-F32C-FC0E-6D6BCF1AB273}"
EndProject
Project("{FAE04EC0-301F-11D3-BF4B-00C04F79EFBC}") = "Unity.2D.Sprite.Editor", "Unity.2D.Sprite.Editor.csproj", "{1EAF2EB3-8AB8-4474-1295-F99966D72EE9}"
EndProject
Project("{FAE04EC0-301F-11D3-BF4B-00C04F79EFBC}") = "UnityEditor.UI", "UnityEditor.UI.csproj", "{4E67E5B9-78EE-33D1-3777-47C7BDFC0126}"
EndProject
Project("{FAE04EC0-301F-11D3-BF4B-00C04F79EFBC}") = "UnityEngine.UI", "UnityEngine.UI.Player.csproj", "{740B778B-E419-78BB-B6FD-EA3B9317E6E9}"
EndProject
Project("{FAE04EC0-301F-11D3-BF4B-00C04F79EFBC}") = "Assembly-CSharp", "Assembly-CSharp.Player.csproj", "{F282A873-B8E6-F15A-DF7D-06ACE4E87CA2}"
EndProject
Global
	GlobalSection(SolutionConfigurationPlatforms) = preSolution
		Debug|Any CPU = Debug|Any CPU
		Release|Any CPU = Release|Any CPU
	EndGlobalSection
	GlobalSection(ProjectConfigurationPlatforms) = postSolution
		{B64A1BB1-F907-46FC-2956-F031A7EFEFC4}.Debug|Any CPU.ActiveCfg = Debug|Any CPU
		{B64A1BB1-F907-46FC-2956-F031A7EFEFC4}.Debug|Any CPU.Build.0 = Debug|Any CPU
		{B64A1BB1-F907-46FC-2956-F031A7EFEFC4}.Release|Any CPU.ActiveCfg = Release|Any CPU
		{B64A1BB1-F907-46FC-2956-F031A7EFEFC4}.Release|Any CPU.Build.0 = Release|Any CPU
		{5F8008E3-DF5B-EA12-B20F-606F7B0C41E6}.Debug|Any CPU.ActiveCfg = Debug|Any CPU
		{5F8008E3-DF5B-EA12-B20F-606F7B0C41E6}.Debug|Any CPU.Build.0 = Debug|Any CPU
		{5F8008E3-DF5B-EA12-B20F-606F7B0C41E6}.Release|Any CPU.ActiveCfg = Release|Any CPU
		{5F8008E3-DF5B-EA12-B20F-606F7B0C41E6}.Release|Any CPU.Build.0 = Release|Any CPU
		{4D20548F-BC91-F32C-FC0E-6D6BCF1AB273}.Debug|Any CPU.ActiveCfg = Debug|Any CPU
		{4D20548F-BC91-F32C-FC0E-6D6BCF1AB273}.Debug|Any CPU.Build.0 = Debug|Any CPU
		{4D20548F-BC91-F32C-FC0E-6D6BCF1AB273}.Release|Any CPU.ActiveCfg = Release|Any CPU
		{4D20548F-BC91-F32C-FC0E-6D6BCF1AB273}.Release|Any CPU.Build.0 = Release|Any CPU
		{1EAF2EB3-8AB8-4474-1295-F99966D72EE9}.Debug|Any CPU.ActiveCfg = Debug|Any CPU
		{1EAF2EB3-8AB8-4474-1295-F99966D72EE9}.Debug|Any CPU.Build.0 = Debug|Any CPU
		{1EAF2EB3-8AB8-4474-1295-F99966D72EE9}.Release|Any CPU.ActiveCfg = Release|Any CPU
		{1EAF2EB3-8AB8-4474-1295-F99966D72EE9}.Release|Any CPU.Build.0 = Release|Any CPU
		{4E67E5B9-78EE-33D1-3777-47C7BDFC0126}.Debug|Any CPU.ActiveCfg = Debug|Any CPU
		{4E67E5B9-78EE-33D1-3777-47C7BDFC0126}.Debug|Any CPU.Build.0 = Debug|Any CPU
		{4E67E5B9-78EE-33D1-3777-47C7BDFC0126}.Release|Any CPU.ActiveCfg = Release|Any CPU
		{4E67E5B9-78EE-33D1-3777-47C7BDFC0126}.Release|Any CPU.Build.0 = Release|Any CPU
		{740B778B-E419-78BB-B6FD-EA3B9317E6E9}.Debug|Any CPU.ActiveCfg = Debug|Any CPU
		{740B778B-E419-78BB-B6FD-EA3B9317E6E9}.Debug|Any CPU.Build.0 = Debug|Any CPU
		{740B778B-E419-78BB-B6FD-EA3B9317E6E9}.Release|Any CPU.ActiveCfg = Release|Any CPU
		{740B778B-E419-78BB-B6FD-EA3B9317E6E9}.Release|Any CPU.Build.0 = Release|Any CPU
		{F282A873-B8E6-F15A-DF7D-06ACE4E87CA2}.Debug|Any CPU.ActiveCfg = Debug|Any CPU
		{F282A873-B8E6-F15A-DF7D-06ACE4E87CA2}.Debug|Any CPU.Build.0 = Debug|Any CPU
		{F282A873-B8E6-F15A-DF7D-06ACE4E87CA2}.Release|Any CPU.ActiveCfg = Release|Any CPU
		{F282A873-B8E6-F15A-DF7D-06ACE4E87CA2}.Release|Any CPU.Build.0 = Release|Any CPU
	EndGlobalSection
	GlobalSection(SolutionProperties) = preSolution
		HideSolutionNode = FALSE
	EndGlobalSection
EndGlobal
